
Microsoft Visual Studio Solution File, Format Version 12.00
# TcXaeShell Solution File, Format Version 11.00
VisualStudioVersion = 15.0.34829.251
MinimumVisualStudioVersion = 10.0.40219.1
Project("{B1E792BE-AA5F-4E3C-8C82-674BF9C0715B}") = "Master UDP Control", "Master UDP Control\Master UDP Control.tsproj", "{415F47C3-AA3C-4EB5-A860-3441BFC07BC4}"
EndProject
Global
	GlobalSection(SolutionConfigurationPlatforms) = preSolution
		Debug|TwinCAT OS (ARMV7-A) = Debug|TwinCAT OS (ARMV7-A)
		Debug|TwinCAT OS (ARMV7-M) = Debug|TwinCAT OS (ARMV7-M)
		Debug|TwinCAT OS (ARMV8-A) = Debug|TwinCAT OS (ARMV8-A)
		Debug|TwinCAT OS (x64) = Debug|TwinCAT OS (x64)
		Debug|TwinCAT OS (x64-E) = Debug|TwinCAT OS (x64-E)
		Debug|TwinCAT RT (x64) = Debug|TwinCAT RT (x64)
		Debug|TwinCAT RT (x86) = Debug|TwinCAT RT (x86)
		Release|TwinCAT OS (ARMV7-A) = Release|TwinCAT OS (ARMV7-A)
		Release|TwinCAT OS (ARMV7-M) = Release|TwinCAT OS (ARMV7-M)
		Release|TwinCAT OS (ARMV8-A) = Release|TwinCAT OS (ARMV8-A)
		Release|TwinCAT OS (x64) = Release|TwinCAT OS (x64)
		Release|TwinCAT OS (x64-E) = Release|TwinCAT OS (x64-E)
		Release|TwinCAT RT (x64) = Release|TwinCAT RT (x64)
		Release|TwinCAT RT (x86) = Release|TwinCAT RT (x86)
	EndGlobalSection
	GlobalSection(ProjectConfigurationPlatforms) = postSolution
		{415F47C3-AA3C-4EB5-A860-3441BFC07BC4}.Debug|TwinCAT OS (ARMV7-A).ActiveCfg = Debug|TwinCAT OS (ARMV7-A)
		{415F47C3-AA3C-4EB5-A860-3441BFC07BC4}.Debug|TwinCAT OS (ARMV7-A).Build.0 = Debug|TwinCAT OS (ARMV7-A)
		{415F47C3-AA3C-4EB5-A860-3441BFC07BC4}.Debug|TwinCAT OS (ARMV7-M).ActiveCfg = Debug|TwinCAT OS (ARMV7-M)
		{415F47C3-AA3C-4EB5-A860-3441BFC07BC4}.Debug|TwinCAT OS (ARMV7-M).Build.0 = Debug|TwinCAT OS (ARMV7-M)
		{415F47C3-AA3C-4EB5-A860-3441BFC07BC4}.Debug|TwinCAT OS (ARMV8-A).ActiveCfg = Debug|TwinCAT OS (ARMV8-A)
		{415F47C3-AA3C-4EB5-A860-3441BFC07BC4}.Debug|TwinCAT OS (ARMV8-A).Build.0 = Debug|TwinCAT OS (ARMV8-A)
		{415F47C3-AA3C-4EB5-A860-3441BFC07BC4}.Debug|TwinCAT OS (x64).ActiveCfg = Debug|TwinCAT OS (x64)
		{415F47C3-AA3C-4EB5-A860-3441BFC07BC4}.Debug|TwinCAT OS (x64).Build.0 = Debug|TwinCAT OS (x64)
		{415F47C3-AA3C-4EB5-A860-3441BFC07BC4}.Debug|TwinCAT OS (x64-E).ActiveCfg = Debug|TwinCAT OS (x64-E)
		{415F47C3-AA3C-4EB5-A860-3441BFC07BC4}.Debug|TwinCAT OS (x64-E).Build.0 = Debug|TwinCAT OS (x64-E)
		{415F47C3-AA3C-4EB5-A860-3441BFC07BC4}.Debug|TwinCAT RT (x64).ActiveCfg = Debug|TwinCAT RT (x64)
		{415F47C3-AA3C-4EB5-A860-3441BFC07BC4}.Debug|TwinCAT RT (x64).Build.0 = Debug|TwinCAT RT (x64)
		{415F47C3-AA3C-4EB5-A860-3441BFC07BC4}.Debug|TwinCAT RT (x86).ActiveCfg = Debug|TwinCAT RT (x86)
		{415F47C3-AA3C-4EB5-A860-3441BFC07BC4}.Debug|TwinCAT RT (x86).Build.0 = Debug|TwinCAT RT (x86)
		{415F47C3-AA3C-4EB5-A860-3441BFC07BC4}.Release|TwinCAT OS (ARMV7-A).ActiveCfg = Release|TwinCAT OS (ARMV7-A)
		{415F47C3-AA3C-4EB5-A860-3441BFC07BC4}.Release|TwinCAT OS (ARMV7-A).Build.0 = Release|TwinCAT OS (ARMV7-A)
		{415F47C3-AA3C-4EB5-A860-3441BFC07BC4}.Release|TwinCAT OS (ARMV7-M).ActiveCfg = Release|TwinCAT OS (ARMV7-M)
		{415F47C3-AA3C-4EB5-A860-3441BFC07BC4}.Release|TwinCAT OS (ARMV7-M).Build.0 = Release|TwinCAT OS (ARMV7-M)
		{415F47C3-AA3C-4EB5-A860-3441BFC07BC4}.Release|TwinCAT OS (ARMV8-A).ActiveCfg = Release|TwinCAT OS (ARMV8-A)
		{415F47C3-AA3C-4EB5-A860-3441BFC07BC4}.Release|TwinCAT OS (ARMV8-A).Build.0 = Release|TwinCAT OS (ARMV8-A)
		{415F47C3-AA3C-4EB5-A860-3441BFC07BC4}.Release|TwinCAT OS (x64).ActiveCfg = Release|TwinCAT OS (x64)
		{415F47C3-AA3C-4EB5-A860-3441BFC07BC4}.Release|TwinCAT OS (x64).Build.0 = Release|TwinCAT OS (x64)
		{415F47C3-AA3C-4EB5-A860-3441BFC07BC4}.Release|TwinCAT OS (x64-E).ActiveCfg = Release|TwinCAT OS (x64-E)
		{415F47C3-AA3C-4EB5-A860-3441BFC07BC4}.Release|TwinCAT OS (x64-E).Build.0 = Release|TwinCAT OS (x64-E)
		{415F47C3-AA3C-4EB5-A860-3441BFC07BC4}.Release|TwinCAT RT (x64).ActiveCfg = Release|TwinCAT RT (x64)
		{415F47C3-AA3C-4EB5-A860-3441BFC07BC4}.Release|TwinCAT RT (x64).Build.0 = Release|TwinCAT RT (x64)
		{415F47C3-AA3C-4EB5-A860-3441BFC07BC4}.Release|TwinCAT RT (x86).ActiveCfg = Release|TwinCAT RT (x86)
		{415F47C3-AA3C-4EB5-A860-3441BFC07BC4}.Release|TwinCAT RT (x86).Build.0 = Release|TwinCAT RT (x86)
		{BEFF220E-6D19-4D95-8A6D-32ABCFFA0951}.Debug|TwinCAT OS (ARMV7-A).ActiveCfg = Debug|TwinCAT OS (ARMV7-A)
		{BEFF220E-6D19-4D95-8A6D-32ABCFFA0951}.Debug|TwinCAT OS (ARMV7-A).Build.0 = Debug|TwinCAT OS (ARMV7-A)
		{BEFF220E-6D19-4D95-8A6D-32ABCFFA0951}.Debug|TwinCAT OS (ARMV7-M).ActiveCfg = Debug|TwinCAT OS (ARMV7-M)
		{BEFF220E-6D19-4D95-8A6D-32ABCFFA0951}.Debug|TwinCAT OS (ARMV7-M).Build.0 = Debug|TwinCAT OS (ARMV7-M)
		{BEFF220E-6D19-4D95-8A6D-32ABCFFA0951}.Debug|TwinCAT OS (ARMV8-A).ActiveCfg = Debug|TwinCAT OS (ARMV8-A)
		{BEFF220E-6D19-4D95-8A6D-32ABCFFA0951}.Debug|TwinCAT OS (ARMV8-A).Build.0 = Debug|TwinCAT OS (ARMV8-A)
		{BEFF220E-6D19-4D95-8A6D-32ABCFFA0951}.Debug|TwinCAT OS (x64).ActiveCfg = Debug|TwinCAT OS (x64)
		{BEFF220E-6D19-4D95-8A6D-32ABCFFA0951}.Debug|TwinCAT OS (x64).Build.0 = Debug|TwinCAT OS (x64)
		{BEFF220E-6D19-4D95-8A6D-32ABCFFA0951}.Debug|TwinCAT OS (x64-E).ActiveCfg = Debug|TwinCAT OS (x64-E)
		{BEFF220E-6D19-4D95-8A6D-32ABCFFA0951}.Debug|TwinCAT OS (x64-E).Build.0 = Debug|TwinCAT OS (x64-E)
		{BEFF220E-6D19-4D95-8A6D-32ABCFFA0951}.Debug|TwinCAT RT (x64).ActiveCfg = Debug|TwinCAT RT (x64)
		{BEFF220E-6D19-4D95-8A6D-32ABCFFA0951}.Debug|TwinCAT RT (x64).Build.0 = Debug|TwinCAT RT (x64)
		{BEFF220E-6D19-4D95-8A6D-32ABCFFA0951}.Debug|TwinCAT RT (x86).ActiveCfg = Debug|TwinCAT RT (x86)
		{BEFF220E-6D19-4D95-8A6D-32ABCFFA0951}.Debug|TwinCAT RT (x86).Build.0 = Debug|TwinCAT RT (x86)
		{BEFF220E-6D19-4D95-8A6D-32ABCFFA0951}.Release|TwinCAT OS (ARMV7-A).ActiveCfg = Release|TwinCAT OS (ARMV7-A)
		{BEFF220E-6D19-4D95-8A6D-32ABCFFA0951}.Release|TwinCAT OS (ARMV7-A).Build.0 = Release|TwinCAT OS (ARMV7-A)
		{BEFF220E-6D19-4D95-8A6D-32ABCFFA0951}.Release|TwinCAT OS (ARMV7-M).ActiveCfg = Release|TwinCAT OS (ARMV7-M)
		{BEFF220E-6D19-4D95-8A6D-32ABCFFA0951}.Release|TwinCAT OS (ARMV7-M).Build.0 = Release|TwinCAT OS (ARMV7-M)
		{BEFF220E-6D19-4D95-8A6D-32ABCFFA0951}.Release|TwinCAT OS (ARMV8-A).ActiveCfg = Release|TwinCAT OS (ARMV8-A)
		{BEFF220E-6D19-4D95-8A6D-32ABCFFA0951}.Release|TwinCAT OS (ARMV8-A).Build.0 = Release|TwinCAT OS (ARMV8-A)
		{BEFF220E-6D19-4D95-8A6D-32ABCFFA0951}.Release|TwinCAT OS (x64).ActiveCfg = Release|TwinCAT OS (x64)
		{BEFF220E-6D19-4D95-8A6D-32ABCFFA0951}.Release|TwinCAT OS (x64).Build.0 = Release|TwinCAT OS (x64)
		{BEFF220E-6D19-4D95-8A6D-32ABCFFA0951}.Release|TwinCAT OS (x64-E).ActiveCfg = Release|TwinCAT OS (x64-E)
		{BEFF220E-6D19-4D95-8A6D-32ABCFFA0951}.Release|TwinCAT OS (x64-E).Build.0 = Release|TwinCAT OS (x64-E)
		{BEFF220E-6D19-4D95-8A6D-32ABCFFA0951}.Release|TwinCAT RT (x64).ActiveCfg = Release|TwinCAT RT (x64)
		{BEFF220E-6D19-4D95-8A6D-32ABCFFA0951}.Release|TwinCAT RT (x64).Build.0 = Release|TwinCAT RT (x64)
		{BEFF220E-6D19-4D95-8A6D-32ABCFFA0951}.Release|TwinCAT RT (x86).ActiveCfg = Release|TwinCAT RT (x86)
		{BEFF220E-6D19-4D95-8A6D-32ABCFFA0951}.Release|TwinCAT RT (x86).Build.0 = Release|TwinCAT RT (x86)
	EndGlobalSection
	GlobalSection(SolutionProperties) = preSolution
		HideSolutionNode = FALSE
	EndGlobalSection
	GlobalSection(ExtensibilityGlobals) = postSolution
		SolutionGuid = {76F7AD3B-91CD-488D-80F4-164F2F61295C}
	EndGlobalSection
EndGlobal
